// !$*UTF8*$!
{
	archiveVersion = 1;
	classes = {
	};
	objectVersion = 50;
	objects = {

/* Begin PBXBuildFile section */
		5C2FD75821DAF61000E70862 /* assignment2_helloworld3d.cpp in Sources */ = {isa = PBXBuildFile; fileRef = 5C2FD75121DAF61000E70862 /* assignment2_helloworld3d.cpp */; };
		5C2FD75A21DAF61000E70862 /* ppm.cpp in Sources */ = {isa = PBXBuildFile; fileRef = 5C2FD75721DAF61000E70862 /* ppm.cpp */; };
		5C45261521F40AEA00966DD0 /* perfMonitor.cpp in Sources */ = {isa = PBXBuildFile; fileRef = 5CE2BC1621E8295C003B5B50 /* perfMonitor.cpp */; };
		5C45261621F40AEA00966DD0 /* test_main.cpp in Sources */ = {isa = PBXBuildFile; fileRef = 5CD9B2E921DE5C6200383882 /* test_main.cpp */; };
		5C45261721F40AEA00966DD0 /* glsupport.cpp in Sources */ = {isa = PBXBuildFile; fileRef = 5C96C94C21EA10EC00223694 /* glsupport.cpp */; };
		5C45261821F40AEA00966DD0 /* ppm.cpp in Sources */ = {isa = PBXBuildFile; fileRef = 5C2FD75721DAF61000E70862 /* ppm.cpp */; };
		5C45261B21F40AEA00966DD0 /* CoreVideo.framework in Frameworks */ = {isa = PBXBuildFile; fileRef = 5CD4E2FC21D8D5FB00DBFCE3 /* CoreVideo.framework */; };
		5C45261C21F40AEA00966DD0 /* Cocoa.framework in Frameworks */ = {isa = PBXBuildFile; fileRef = 5CD4E2FA21D8D5F700DBFCE3 /* Cocoa.framework */; };
		5C45261D21F40AEA00966DD0 /* OpenGL.framework in Frameworks */ = {isa = PBXBuildFile; fileRef = 5CD4E2F821D8D5EC00DBFCE3 /* OpenGL.framework */; };
		5C45261E21F40AEA00966DD0 /* IOKit.framework in Frameworks */ = {isa = PBXBuildFile; fileRef = 5CD4E2F621D8D5E600DBFCE3 /* IOKit.framework */; };
		5C45261F21F40AEA00966DD0 /* libglfw3.a in Frameworks */ = {isa = PBXBuildFile; fileRef = 5CA9E4B121D9A52800F1BDC3 /* libglfw3.a */; };
		5C45262021F40AEA00966DD0 /* libGLEW.2.1.0.dylib in Frameworks */ = {isa = PBXBuildFile; fileRef = 5C950D0121DCAA1A00C536A0 /* libGLEW.2.1.0.dylib */; };
		5C45262221F40AEA00966DD0 /* solid-gl3.fshader in CopyFiles */ = {isa = PBXBuildFile; fileRef = 5C1B0E4821DB1E86005C440E /* solid-gl3.fshader */; };
		5C45262321F40AEA00966DD0 /* diffuse-gl3.fshader in CopyFiles */ = {isa = PBXBuildFile; fileRef = 5C1B0E4A21DB1E86005C440E /* diffuse-gl3.fshader */; };
		5C45262421F40AEA00966DD0 /* basic-gl3.vshader in CopyFiles */ = {isa = PBXBuildFile; fileRef = 5C1B0E4D21DB1E86005C440E /* basic-gl3.vshader */; };
		5C45262A21F40EFC00966DD0 /* ex31-33verifying.cpp in Sources */ = {isa = PBXBuildFile; fileRef = 5C45262921F40EFC00966DD0 /* ex31-33verifying.cpp */; };
		5C779FC821EF23FB0066F161 /* solid-gl3.fshader in CopyFiles */ = {isa = PBXBuildFile; fileRef = 5C1B0E4821DB1E86005C440E /* solid-gl3.fshader */; };
		5C779FC921EF23FB0066F161 /* diffuse-gl3.fshader in CopyFiles */ = {isa = PBXBuildFile; fileRef = 5C1B0E4A21DB1E86005C440E /* diffuse-gl3.fshader */; };
		5C779FCA21EF23FB0066F161 /* basic-gl3.vshader in CopyFiles */ = {isa = PBXBuildFile; fileRef = 5C1B0E4D21DB1E86005C440E /* basic-gl3.vshader */; };
		5C779FE021EF268F0066F161 /* solid-gl3.fshader in CopyFiles */ = {isa = PBXBuildFile; fileRef = 5C1B0E4821DB1E86005C440E /* solid-gl3.fshader */; };
		5C779FE121EF268F0066F161 /* diffuse-gl3.fshader in CopyFiles */ = {isa = PBXBuildFile; fileRef = 5C1B0E4A21DB1E86005C440E /* diffuse-gl3.fshader */; };
		5C779FE221EF268F0066F161 /* basic-gl3.vshader in CopyFiles */ = {isa = PBXBuildFile; fileRef = 5C1B0E4D21DB1E86005C440E /* basic-gl3.vshader */; };
		5C950D0221DCAA1B00C536A0 /* libGLEW.2.1.0.dylib in Frameworks */ = {isa = PBXBuildFile; fileRef = 5C950D0121DCAA1A00C536A0 /* libGLEW.2.1.0.dylib */; };
		5C96C94E21EA10EC00223694 /* glsupport.cpp in Sources */ = {isa = PBXBuildFile; fileRef = 5C96C94C21EA10EC00223694 /* glsupport.cpp */; };
		5CA9E4B221D9A52800F1BDC3 /* libglfw3.a in Frameworks */ = {isa = PBXBuildFile; fileRef = 5CA9E4B121D9A52800F1BDC3 /* libglfw3.a */; };
		5CD4E2F721D8D5E600DBFCE3 /* IOKit.framework in Frameworks */ = {isa = PBXBuildFile; fileRef = 5CD4E2F621D8D5E600DBFCE3 /* IOKit.framework */; };
		5CD4E2F921D8D5EC00DBFCE3 /* OpenGL.framework in Frameworks */ = {isa = PBXBuildFile; fileRef = 5CD4E2F821D8D5EC00DBFCE3 /* OpenGL.framework */; };
		5CD4E2FB21D8D5F700DBFCE3 /* Cocoa.framework in Frameworks */ = {isa = PBXBuildFile; fileRef = 5CD4E2FA21D8D5F700DBFCE3 /* Cocoa.framework */; };
		5CD4E2FD21D8D5FB00DBFCE3 /* CoreVideo.framework in Frameworks */ = {isa = PBXBuildFile; fileRef = 5CD4E2FC21D8D5FB00DBFCE3 /* CoreVideo.framework */; };
		5CD9B2EA21DE5C6300383882 /* test_main.cpp in Sources */ = {isa = PBXBuildFile; fileRef = 5CD9B2E921DE5C6200383882 /* test_main.cpp */; };
		5CE2BC1821E8295C003B5B50 /* perfMonitor.cpp in Sources */ = {isa = PBXBuildFile; fileRef = 5CE2BC1621E8295C003B5B50 /* perfMonitor.cpp */; };
		5CFAFDC621EC2AD0000803C1 /* perfMonitor.cpp in Sources */ = {isa = PBXBuildFile; fileRef = 5CE2BC1621E8295C003B5B50 /* perfMonitor.cpp */; };
		5CFAFDC721EC2AD0000803C1 /* test_main.cpp in Sources */ = {isa = PBXBuildFile; fileRef = 5CD9B2E921DE5C6200383882 /* test_main.cpp */; };
		5CFAFDC821EC2AD0000803C1 /* glsupport.cpp in Sources */ = {isa = PBXBuildFile; fileRef = 5C96C94C21EA10EC00223694 /* glsupport.cpp */; };
		5CFAFDC921EC2AD0000803C1 /* ppm.cpp in Sources */ = {isa = PBXBuildFile; fileRef = 5C2FD75721DAF61000E70862 /* ppm.cpp */; };
		5CFAFDCC21EC2AD0000803C1 /* CoreVideo.framework in Frameworks */ = {isa = PBXBuildFile; fileRef = 5CD4E2FC21D8D5FB00DBFCE3 /* CoreVideo.framework */; };
		5CFAFDCD21EC2AD0000803C1 /* Cocoa.framework in Frameworks */ = {isa = PBXBuildFile; fileRef = 5CD4E2FA21D8D5F700DBFCE3 /* Cocoa.framework */; };
		5CFAFDCE21EC2AD0000803C1 /* OpenGL.framework in Frameworks */ = {isa = PBXBuildFile; fileRef = 5CD4E2F821D8D5EC00DBFCE3 /* OpenGL.framework */; };
		5CFAFDCF21EC2AD0000803C1 /* IOKit.framework in Frameworks */ = {isa = PBXBuildFile; fileRef = 5CD4E2F621D8D5E600DBFCE3 /* IOKit.framework */; };
		5CFAFDD021EC2AD0000803C1 /* libglfw3.a in Frameworks */ = {isa = PBXBuildFile; fileRef = 5CA9E4B121D9A52800F1BDC3 /* libglfw3.a */; };
		5CFAFDD121EC2AD0000803C1 /* libGLEW.2.1.0.dylib in Frameworks */ = {isa = PBXBuildFile; fileRef = 5C950D0121DCAA1A00C536A0 /* libGLEW.2.1.0.dylib */; };
		5CFAFDD821EC2B14000803C1 /* assignment2_tesellatedsphere.cpp in Sources */ = {isa = PBXBuildFile; fileRef = 5CFAFDD721EC2B14000803C1 /* assignment2_tesellatedsphere.cpp */; };
/* End PBXBuildFile section */

/* Begin PBXCopyFilesBuildPhase section */
		5C45262121F40AEA00966DD0 /* CopyFiles */ = {
			isa = PBXCopyFilesBuildPhase;
			buildActionMask = 12;
			dstPath = ./shaders;
			dstSubfolderSpec = 16;
			files = (
				5C45262221F40AEA00966DD0 /* solid-gl3.fshader in CopyFiles */,
				5C45262321F40AEA00966DD0 /* diffuse-gl3.fshader in CopyFiles */,
				5C45262421F40AEA00966DD0 /* basic-gl3.vshader in CopyFiles */,
			);
			runOnlyForDeploymentPostprocessing = 0;
		};
		5CD4E2E721D8D59800DBFCE3 /* CopyFiles */ = {
			isa = PBXCopyFilesBuildPhase;
			buildActionMask = 12;
			dstPath = ./shaders;
			dstSubfolderSpec = 16;
			files = (
				5C779FE021EF268F0066F161 /* solid-gl3.fshader in CopyFiles */,
				5C779FE121EF268F0066F161 /* diffuse-gl3.fshader in CopyFiles */,
				5C779FE221EF268F0066F161 /* basic-gl3.vshader in CopyFiles */,
			);
			runOnlyForDeploymentPostprocessing = 0;
		};
		5CFAFDD221EC2AD0000803C1 /* CopyFiles */ = {
			isa = PBXCopyFilesBuildPhase;
			buildActionMask = 12;
			dstPath = ./shaders;
			dstSubfolderSpec = 16;
			files = (
				5C779FC821EF23FB0066F161 /* solid-gl3.fshader in CopyFiles */,
				5C779FC921EF23FB0066F161 /* diffuse-gl3.fshader in CopyFiles */,
				5C779FCA21EF23FB0066F161 /* basic-gl3.vshader in CopyFiles */,
			);
			runOnlyForDeploymentPostprocessing = 0;
		};
/* End PBXCopyFilesBuildPhase section */

/* Begin PBXFileReference section */
		5C1B0E4821DB1E86005C440E /* solid-gl3.fshader */ = {isa = PBXFileReference; fileEncoding = 4; lastKnownFileType = text; path = "solid-gl3.fshader"; sourceTree = "<group>"; };
		5C1B0E4A21DB1E86005C440E /* diffuse-gl3.fshader */ = {isa = PBXFileReference; fileEncoding = 4; lastKnownFileType = text; path = "diffuse-gl3.fshader"; sourceTree = "<group>"; };
		5C1B0E4D21DB1E86005C440E /* basic-gl3.vshader */ = {isa = PBXFileReference; fileEncoding = 4; lastKnownFileType = text; path = "basic-gl3.vshader"; sourceTree = "<group>"; };
		5C2FD75121DAF61000E70862 /* assignment2_helloworld3d.cpp */ = {isa = PBXFileReference; fileEncoding = 4; lastKnownFileType = sourcecode.cpp.cpp; path = assignment2_helloworld3d.cpp; sourceTree = "<group>"; };
		5C2FD75321DAF61000E70862 /* ppm.h */ = {isa = PBXFileReference; fileEncoding = 4; lastKnownFileType = sourcecode.c.h; path = ppm.h; sourceTree = "<group>"; };
		5C2FD75721DAF61000E70862 /* ppm.cpp */ = {isa = PBXFileReference; fileEncoding = 4; lastKnownFileType = sourcecode.cpp.cpp; path = ppm.cpp; sourceTree = "<group>"; };
		5C45262821F40AEA00966DD0 /* Ex.31-33 verifying */ = {isa = PBXFileReference; explicitFileType = "compiled.mach-o.executable"; includeInIndex = 0; path = "Ex.31-33 verifying"; sourceTree = BUILT_PRODUCTS_DIR; };
		5C45262921F40EFC00966DD0 /* ex31-33verifying.cpp */ = {isa = PBXFileReference; fileEncoding = 4; lastKnownFileType = sourcecode.cpp.cpp; path = "ex31-33verifying.cpp"; sourceTree = "<group>"; };
		5C45262B21F4161F00966DD0 /* projection matrix left and right multiply scale or uniformity diagonal matrix.md */ = {isa = PBXFileReference; lastKnownFileType = net.daringfireball.markdown; name = "projection matrix left and right multiply scale or uniformity diagonal matrix.md"; path = "../../projection matrix left and right multiply scale or uniformity diagonal matrix.md"; sourceTree = "<group>"; };
		5C950D0121DCAA1A00C536A0 /* libGLEW.2.1.0.dylib */ = {isa = PBXFileReference; lastKnownFileType = "compiled.mach-o.dylib"; name = libGLEW.2.1.0.dylib; path = ../../../../../usr/local/lib/libGLEW.2.1.0.dylib; sourceTree = "<group>"; };
		5C96C94C21EA10EC00223694 /* glsupport.cpp */ = {isa = PBXFileReference; fileEncoding = 4; lastKnownFileType = sourcecode.cpp.cpp; name = glsupport.cpp; path = "../../../../../FoundationOfCG-MIT/Common/glsupport.cpp"; sourceTree = "<group>"; };
		5C96C94D21EA10EC00223694 /* glsupport.h */ = {isa = PBXFileReference; fileEncoding = 4; lastKnownFileType = sourcecode.c.h; name = glsupport.h; path = "../../../../../FoundationOfCG-MIT/Common/glsupport.h"; sourceTree = "<group>"; };
		5CA9E4B121D9A52800F1BDC3 /* libglfw3.a */ = {isa = PBXFileReference; lastKnownFileType = archive.ar; name = libglfw3.a; path = ../../../../../usr/local/lib/libglfw3.a; sourceTree = "<group>"; };
		5CD12C1921EB407B00AACC92 /* readme.md */ = {isa = PBXFileReference; lastKnownFileType = net.daringfireball.markdown; name = readme.md; path = ../../../readme.md; sourceTree = "<group>"; };
		5CD4E2E921D8D59800DBFCE3 /* Ex.15.16.HelloWorld3D */ = {isa = PBXFileReference; explicitFileType = "compiled.mach-o.executable"; includeInIndex = 0; path = Ex.15.16.HelloWorld3D; sourceTree = BUILT_PRODUCTS_DIR; };
		5CD4E2F421D8D5DF00DBFCE3 /* CoreAudioKit.framework */ = {isa = PBXFileReference; lastKnownFileType = wrapper.framework; name = CoreAudioKit.framework; path = System/Library/Frameworks/CoreAudioKit.framework; sourceTree = SDKROOT; };
		5CD4E2F621D8D5E600DBFCE3 /* IOKit.framework */ = {isa = PBXFileReference; lastKnownFileType = wrapper.framework; name = IOKit.framework; path = System/Library/Frameworks/IOKit.framework; sourceTree = SDKROOT; };
		5CD4E2F821D8D5EC00DBFCE3 /* OpenGL.framework */ = {isa = PBXFileReference; lastKnownFileType = wrapper.framework; name = OpenGL.framework; path = System/Library/Frameworks/OpenGL.framework; sourceTree = SDKROOT; };
		5CD4E2FA21D8D5F700DBFCE3 /* Cocoa.framework */ = {isa = PBXFileReference; lastKnownFileType = wrapper.framework; name = Cocoa.framework; path = System/Library/Frameworks/Cocoa.framework; sourceTree = SDKROOT; };
		5CD4E2FC21D8D5FB00DBFCE3 /* CoreVideo.framework */ = {isa = PBXFileReference; lastKnownFileType = wrapper.framework; name = CoreVideo.framework; path = System/Library/Frameworks/CoreVideo.framework; sourceTree = SDKROOT; };
		5CD9B2E921DE5C6200383882 /* test_main.cpp */ = {isa = PBXFileReference; fileEncoding = 4; lastKnownFileType = sourcecode.cpp.cpp; path = test_main.cpp; sourceTree = "<group>"; };
		5CE2BC1621E8295C003B5B50 /* perfMonitor.cpp */ = {isa = PBXFileReference; fileEncoding = 4; lastKnownFileType = sourcecode.cpp.cpp; name = perfMonitor.cpp; path = ../../../../../BaseFramework/perfMonitor/perfMonitor.cpp; sourceTree = "<group>"; };
		5CE2BC1721E8295C003B5B50 /* perfMonitor.h */ = {isa = PBXFileReference; fileEncoding = 4; lastKnownFileType = sourcecode.c.h; name = perfMonitor.h; path = ../../../../../BaseFramework/perfMonitor/perfMonitor.h; sourceTree = "<group>"; };
		5CE2BC1921E82967003B5B50 /* geometrymaker.h */ = {isa = PBXFileReference; fileEncoding = 4; lastKnownFileType = sourcecode.c.h; name = geometrymaker.h; path = ../../../../../BaseFramework/geometrymaker.h; sourceTree = "<group>"; };
		5CE2BC1A21E82967003B5B50 /* matrix4.h */ = {isa = PBXFileReference; fileEncoding = 4; lastKnownFileType = sourcecode.c.h; name = matrix4.h; path = ../../../../../BaseFramework/matrix4.h; sourceTree = "<group>"; };
		5CE2BC1B21E82967003B5B50 /* cvec.h */ = {isa = PBXFileReference; fileEncoding = 4; lastKnownFileType = sourcecode.c.h; name = cvec.h; path = ../../../../../BaseFramework/cvec.h; sourceTree = "<group>"; };
		5CE2BC1C21E82972003B5B50 /* arcball.h */ = {isa = PBXFileReference; fileEncoding = 4; lastKnownFileType = sourcecode.c.h; name = arcball.h; path = ../../../../../BaseFramework/quat/arcball.h; sourceTree = "<group>"; };
		5CE2BC1D21E82972003B5B50 /* quat.h */ = {isa = PBXFileReference; fileEncoding = 4; lastKnownFileType = sourcecode.c.h; name = quat.h; path = ../../../../../BaseFramework/quat/quat.h; sourceTree = "<group>"; };
		5CE2BC1E21E82972003B5B50 /* rigtform.h */ = {isa = PBXFileReference; fileEncoding = 4; lastKnownFileType = sourcecode.c.h; name = rigtform.h; path = ../../../../../BaseFramework/quat/rigtform.h; sourceTree = "<group>"; };
		5CFAFDD621EC2AD0000803C1 /* Ex.17.TeselatedSphere */ = {isa = PBXFileReference; explicitFileType = "compiled.mach-o.executable"; includeInIndex = 0; path = Ex.17.TeselatedSphere; sourceTree = BUILT_PRODUCTS_DIR; };
		5CFAFDD721EC2B14000803C1 /* assignment2_tesellatedsphere.cpp */ = {isa = PBXFileReference; fileEncoding = 4; lastKnownFileType = sourcecode.cpp.cpp; path = assignment2_tesellatedsphere.cpp; sourceTree = "<group>"; };
/* End PBXFileReference section */

/* Begin PBXFrameworksBuildPhase section */
		5C45261A21F40AEA00966DD0 /* Frameworks */ = {
			isa = PBXFrameworksBuildPhase;
			buildActionMask = 2147483647;
			files = (
				5C45261B21F40AEA00966DD0 /* CoreVideo.framework in Frameworks */,
				5C45261C21F40AEA00966DD0 /* Cocoa.framework in Frameworks */,
				5C45261D21F40AEA00966DD0 /* OpenGL.framework in Frameworks */,
				5C45261E21F40AEA00966DD0 /* IOKit.framework in Frameworks */,
				5C45261F21F40AEA00966DD0 /* libglfw3.a in Frameworks */,
				5C45262021F40AEA00966DD0 /* libGLEW.2.1.0.dylib in Frameworks */,
			);
			runOnlyForDeploymentPostprocessing = 0;
		};
		5CD4E2E621D8D59800DBFCE3 /* Frameworks */ = {
			isa = PBXFrameworksBuildPhase;
			buildActionMask = 2147483647;
			files = (
				5CD4E2FD21D8D5FB00DBFCE3 /* CoreVideo.framework in Frameworks */,
				5CD4E2FB21D8D5F700DBFCE3 /* Cocoa.framework in Frameworks */,
				5CD4E2F921D8D5EC00DBFCE3 /* OpenGL.framework in Frameworks */,
				5CD4E2F721D8D5E600DBFCE3 /* IOKit.framework in Frameworks */,
				5CA9E4B221D9A52800F1BDC3 /* libglfw3.a in Frameworks */,
				5C950D0221DCAA1B00C536A0 /* libGLEW.2.1.0.dylib in Frameworks */,
			);
			runOnlyForDeploymentPostprocessing = 0;
		};
		5CFAFDCB21EC2AD0000803C1 /* Frameworks */ = {
			isa = PBXFrameworksBuildPhase;
			buildActionMask = 2147483647;
			files = (
				5CFAFDCC21EC2AD0000803C1 /* CoreVideo.framework in Frameworks */,
				5CFAFDCD21EC2AD0000803C1 /* Cocoa.framework in Frameworks */,
				5CFAFDCE21EC2AD0000803C1 /* OpenGL.framework in Frameworks */,
				5CFAFDCF21EC2AD0000803C1 /* IOKit.framework in Frameworks */,
				5CFAFDD021EC2AD0000803C1 /* libglfw3.a in Frameworks */,
				5CFAFDD121EC2AD0000803C1 /* libGLEW.2.1.0.dylib in Frameworks */,
			);
			runOnlyForDeploymentPostprocessing = 0;
		};
/* End PBXFrameworksBuildPhase section */

/* Begin PBXGroup section */
		5C1B0E4721DB1E86005C440E /* shaders */ = {
			isa = PBXGroup;
			children = (
				5C1B0E4821DB1E86005C440E /* solid-gl3.fshader */,
				5C1B0E4A21DB1E86005C440E /* diffuse-gl3.fshader */,
				5C1B0E4D21DB1E86005C440E /* basic-gl3.vshader */,
			);
			path = shaders;
			sourceTree = "<group>";
		};
		5C2FD74F21DAF61000E70862 /* helloworld3d */ = {
			isa = PBXGroup;
			children = (
				5C2FD75121DAF61000E70862 /* assignment2_helloworld3d.cpp */,
				5C2FD75321DAF61000E70862 /* ppm.h */,
				5C2FD75721DAF61000E70862 /* ppm.cpp */,
			);
			path = helloworld3d;
			sourceTree = "<group>";
		};
		5CD4E2E021D8D59800DBFCE3 = {
			isa = PBXGroup;
			children = (
				5CD12C1921EB407B00AACC92 /* readme.md */,
				5CD4E2EB21D8D59800DBFCE3 /* Assignment2AndBasedExercises */,
				5CD4E2EA21D8D59800DBFCE3 /* Products */,
				5CD4E2F321D8D5DF00DBFCE3 /* Frameworks */,
			);
			sourceTree = "<group>";
		};
		5CD4E2EA21D8D59800DBFCE3 /* Products */ = {
			isa = PBXGroup;
			children = (
				5CD4E2E921D8D59800DBFCE3 /* Ex.15.16.HelloWorld3D */,
				5CFAFDD621EC2AD0000803C1 /* Ex.17.TeselatedSphere */,
				5C45262821F40AEA00966DD0 /* Ex.31-33 verifying */,
			);
			name = Products;
			sourceTree = "<group>";
		};
		5CD4E2EB21D8D59800DBFCE3 /* Assignment2AndBasedExercises */ = {
			isa = PBXGroup;
			children = (
				5C45262B21F4161F00966DD0 /* projection matrix left and right multiply scale or uniformity diagonal matrix.md */,
				5CFAFDBD21EC2A67000803C1 /* Ex.31-33 verifying */,
				5CFAFDC321EC2A87000803C1 /* tesellatedsphere */,
				5CE2BC1621E8295C003B5B50 /* perfMonitor.cpp */,
				5CE2BC1721E8295C003B5B50 /* perfMonitor.h */,
				5CD9B2E921DE5C6200383882 /* test_main.cpp */,
				5CE2BC1B21E82967003B5B50 /* cvec.h */,
				5CE2BC1921E82967003B5B50 /* geometrymaker.h */,
				5CE2BC1A21E82967003B5B50 /* matrix4.h */,
				5CE2BC1C21E82972003B5B50 /* arcball.h */,
				5CE2BC1D21E82972003B5B50 /* quat.h */,
				5CE2BC1E21E82972003B5B50 /* rigtform.h */,
				5C96C94C21EA10EC00223694 /* glsupport.cpp */,
				5C96C94D21EA10EC00223694 /* glsupport.h */,
				5C1B0E4721DB1E86005C440E /* shaders */,
				5C2FD74F21DAF61000E70862 /* helloworld3d */,
			);
			path = Assignment2AndBasedExercises;
			sourceTree = "<group>";
		};
		5CD4E2F321D8D5DF00DBFCE3 /* Frameworks */ = {
			isa = PBXGroup;
			children = (
				5CA9E4B121D9A52800F1BDC3 /* libglfw3.a */,
				5C950D0121DCAA1A00C536A0 /* libGLEW.2.1.0.dylib */,
				5CD4E2FC21D8D5FB00DBFCE3 /* CoreVideo.framework */,
				5CD4E2FA21D8D5F700DBFCE3 /* Cocoa.framework */,
				5CD4E2F821D8D5EC00DBFCE3 /* OpenGL.framework */,
				5CD4E2F621D8D5E600DBFCE3 /* IOKit.framework */,
				5CD4E2F421D8D5DF00DBFCE3 /* CoreAudioKit.framework */,
			);
			name = Frameworks;
			sourceTree = "<group>";
		};
		5CFAFDBD21EC2A67000803C1 /* Ex.31-33 verifying */ = {
			isa = PBXGroup;
			children = (
				5C45262921F40EFC00966DD0 /* ex31-33verifying.cpp */,
			);
			path = "Ex.31-33 verifying";
			sourceTree = "<group>";
		};
		5CFAFDC321EC2A87000803C1 /* tesellatedsphere */ = {
			isa = PBXGroup;
			children = (
				5CFAFDD721EC2B14000803C1 /* assignment2_tesellatedsphere.cpp */,
			);
			path = tesellatedsphere;
			sourceTree = "<group>";
		};
/* End PBXGroup section */

/* Begin PBXNativeTarget section */
		5C45261321F40AEA00966DD0 /* Ex.31-33 verifying */ = {
			isa = PBXNativeTarget;
			buildConfigurationList = 5C45262521F40AEA00966DD0 /* Build configuration list for PBXNativeTarget "Ex.31-33 verifying" */;
			buildPhases = (
				5C45261421F40AEA00966DD0 /* Sources */,
				5C45261A21F40AEA00966DD0 /* Frameworks */,
				5C45262121F40AEA00966DD0 /* CopyFiles */,
			);
			buildRules = (
			);
			dependencies = (
			);
			name = "Ex.31-33 verifying";
			productName = TestOpengl4;
			productReference = 5C45262821F40AEA00966DD0 /* Ex.31-33 verifying */;
			productType = "com.apple.product-type.tool";
		};
		5CD4E2E821D8D59800DBFCE3 /* Ex.15.16.HelloWorld3D */ = {
			isa = PBXNativeTarget;
			buildConfigurationList = 5CD4E2F021D8D59800DBFCE3 /* Build configuration list for PBXNativeTarget "Ex.15.16.HelloWorld3D" */;
			buildPhases = (
				5CD4E2E521D8D59800DBFCE3 /* Sources */,
				5CD4E2E621D8D59800DBFCE3 /* Frameworks */,
				5CD4E2E721D8D59800DBFCE3 /* CopyFiles */,
			);
			buildRules = (
			);
			dependencies = (
			);
			name = Ex.15.16.HelloWorld3D;
			productName = TestOpengl4;
			productReference = 5CD4E2E921D8D59800DBFCE3 /* Ex.15.16.HelloWorld3D */;
			productType = "com.apple.product-type.tool";
		};
		5CFAFDC421EC2AD0000803C1 /* Ex.17.TeselatedSphere */ = {
			isa = PBXNativeTarget;
			buildConfigurationList = 5CFAFDD321EC2AD0000803C1 /* Build configuration list for PBXNativeTarget "Ex.17.TeselatedSphere" */;
			buildPhases = (
				5CFAFDC521EC2AD0000803C1 /* Sources */,
				5CFAFDCB21EC2AD0000803C1 /* Frameworks */,
				5CFAFDD221EC2AD0000803C1 /* CopyFiles */,
			);
			buildRules = (
			);
			dependencies = (
			);
			name = Ex.17.TeselatedSphere;
			productName = TestOpengl4;
			productReference = 5CFAFDD621EC2AD0000803C1 /* Ex.17.TeselatedSphere */;
			productType = "com.apple.product-type.tool";
		};
/* End PBXNativeTarget section */

/* Begin PBXProject section */
		5CD4E2E121D8D59800DBFCE3 /* Project object */ = {
			isa = PBXProject;
			attributes = {
				LastUpgradeCheck = 1000;
				ORGANIZATIONNAME = zxtech;
				TargetAttributes = {
					5CD4E2E821D8D59800DBFCE3 = {
						CreatedOnToolsVersion = 10.0;
					};
				};
			};
			buildConfigurationList = 5CD4E2E421D8D59800DBFCE3 /* Build configuration list for PBXProject "Assignment2AndBasedExercises" */;
			compatibilityVersion = "Xcode 9.3";
			developmentRegion = en;
			hasScannedForEncodings = 0;
			knownRegions = (
				en,
			);
			mainGroup = 5CD4E2E021D8D59800DBFCE3;
			productRefGroup = 5CD4E2EA21D8D59800DBFCE3 /* Products */;
			projectDirPath = "";
			projectRoot = "";
			targets = (
				5CD4E2E821D8D59800DBFCE3 /* Ex.15.16.HelloWorld3D */,
				5CFAFDC421EC2AD0000803C1 /* Ex.17.TeselatedSphere */,
				5C45261321F40AEA00966DD0 /* Ex.31-33 verifying */,
			);
		};
/* End PBXProject section */

/* Begin PBXSourcesBuildPhase section */
		5C45261421F40AEA00966DD0 /* Sources */ = {
			isa = PBXSourcesBuildPhase;
			buildActionMask = 2147483647;
			files = (
				5C45261521F40AEA00966DD0 /* perfMonitor.cpp in Sources */,
				5C45261621F40AEA00966DD0 /* test_main.cpp in Sources */,
				5C45262A21F40EFC00966DD0 /* ex31-33verifying.cpp in Sources */,
				5C45261721F40AEA00966DD0 /* glsupport.cpp in Sources */,
				5C45261821F40AEA00966DD0 /* ppm.cpp in Sources */,
			);
			runOnlyForDeploymentPostprocessing = 0;
		};
		5CD4E2E521D8D59800DBFCE3 /* Sources */ = {
			isa = PBXSourcesBuildPhase;
			buildActionMask = 2147483647;
			files = (
				5CE2BC1821E8295C003B5B50 /* perfMonitor.cpp in Sources */,
				5CD9B2EA21DE5C6300383882 /* test_main.cpp in Sources */,
				5C96C94E21EA10EC00223694 /* glsupport.cpp in Sources */,
				5C2FD75A21DAF61000E70862 /* ppm.cpp in Sources */,
				5C2FD75821DAF61000E70862 /* assignment2_helloworld3d.cpp in Sources */,
			);
			runOnlyForDeploymentPostprocessing = 0;
		};
		5CFAFDC521EC2AD0000803C1 /* Sources */ = {
			isa = PBXSourcesBuildPhase;
			buildActionMask = 2147483647;
			files = (
				5CFAFDC621EC2AD0000803C1 /* perfMonitor.cpp in Sources */,
				5CFAFDC721EC2AD0000803C1 /* test_main.cpp in Sources */,
				5CFAFDC821EC2AD0000803C1 /* glsupport.cpp in Sources */,
				5CFAFDD821EC2B14000803C1 /* assignment2_tesellatedsphere.cpp in Sources */,
				5CFAFDC921EC2AD0000803C1 /* ppm.cpp in Sources */,
			);
			runOnlyForDeploymentPostprocessing = 0;
		};
/* End PBXSourcesBuildPhase section */

/* Begin XCBuildConfiguration section */
		5C45262621F40AEA00966DD0 /* Debug */ = {
			isa = XCBuildConfiguration;
			buildSettings = {
				CODE_SIGN_STYLE = Automatic;
				DEVELOPMENT_TEAM = 9KVM264T66;
				HEADER_SEARCH_PATHS = /usr/local/include/;
				LIBRARY_SEARCH_PATHS = /usr/local/lib/;
				PRODUCT_NAME = "$(TARGET_NAME)";
			};
			name = Debug;
		};
		5C45262721F40AEA00966DD0 /* Release */ = {
			isa = XCBuildConfiguration;
			buildSettings = {
				CODE_SIGN_STYLE = Automatic;
				DEVELOPMENT_TEAM = 9KVM264T66;
				HEADER_SEARCH_PATHS = /usr/local/include/;
				LIBRARY_SEARCH_PATHS = /usr/local/lib/;
				PRODUCT_NAME = "$(TARGET_NAME)";
			};
			name = Release;
		};
		5CD4E2EE21D8D59800DBFCE3 /* Debug */ = {
			isa = XCBuildConfiguration;
			buildSettings = {
				ALWAYS_SEARCH_USER_PATHS = NO;
				CLANG_ANALYZER_NONNULL = YES;
				CLANG_ANALYZER_NUMBER_OBJECT_CONVERSION = YES_AGGRESSIVE;
				CLANG_CXX_LANGUAGE_STANDARD = "gnu++14";
				CLANG_CXX_LIBRARY = "libc++";
				CLANG_ENABLE_MODULES = YES;
				CLANG_ENABLE_OBJC_ARC = YES;
				CLANG_ENABLE_OBJC_WEAK = YES;
				CLANG_WARN_BLOCK_CAPTURE_AUTORELEASING = YES;
				CLANG_WARN_BOOL_CONVERSION = YES;
				CLANG_WARN_COMMA = YES;
				CLANG_WARN_CONSTANT_CONVERSION = YES;
				CLANG_WARN_DEPRECATED_OBJC_IMPLEMENTATIONS = YES;
				CLANG_WARN_DIRECT_OBJC_ISA_USAGE = YES_ERROR;
				CLANG_WARN_DOCUMENTATION_COMMENTS = YES;
				CLANG_WARN_EMPTY_BODY = YES;
				CLANG_WARN_ENUM_CONVERSION = YES;
				CLANG_WARN_INFINITE_RECURSION = YES;
				CLANG_WARN_INT_CONVERSION = YES;
				CLANG_WARN_NON_LITERAL_NULL_CONVERSION = YES;
				CLANG_WARN_OBJC_IMPLICIT_RETAIN_SELF = YES;
				CLANG_WARN_OBJC_LITERAL_CONVERSION = YES;
				CLANG_WARN_OBJC_ROOT_CLASS = YES_ERROR;
				CLANG_WARN_RANGE_LOOP_ANALYSIS = YES;
				CLANG_WARN_STRICT_PROTOTYPES = YES;
				CLANG_WARN_SUSPICIOUS_MOVE = YES;
				CLANG_WARN_UNGUARDED_AVAILABILITY = YES_AGGRESSIVE;
				CLANG_WARN_UNREACHABLE_CODE = YES;
				CLANG_WARN__DUPLICATE_METHOD_MATCH = YES;
				CODE_SIGN_IDENTITY = "Mac Developer";
				COPY_PHASE_STRIP = NO;
				DEBUG_INFORMATION_FORMAT = dwarf;
				ENABLE_STRICT_OBJC_MSGSEND = YES;
				ENABLE_TESTABILITY = YES;
				GCC_C_LANGUAGE_STANDARD = gnu11;
				GCC_DYNAMIC_NO_PIC = NO;
				GCC_NO_COMMON_BLOCKS = YES;
				GCC_OPTIMIZATION_LEVEL = 0;
				GCC_PREPROCESSOR_DEFINITIONS = (
					"DEBUG=1",
					"$(inherited)",
				);
				GCC_WARN_64_TO_32_BIT_CONVERSION = YES;
				GCC_WARN_ABOUT_RETURN_TYPE = YES_ERROR;
				GCC_WARN_UNDECLARED_SELECTOR = YES;
				GCC_WARN_UNINITIALIZED_AUTOS = YES_AGGRESSIVE;
				GCC_WARN_UNUSED_FUNCTION = YES;
				GCC_WARN_UNUSED_VARIABLE = YES;
				MACOSX_DEPLOYMENT_TARGET = 10.13;
				MTL_ENABLE_DEBUG_INFO = INCLUDE_SOURCE;
				MTL_FAST_MATH = YES;
				ONLY_ACTIVE_ARCH = YES;
				SDKROOT = macosx;
			};
			name = Debug;
		};
		5CD4E2EF21D8D59800DBFCE3 /* Release */ = {
			isa = XCBuildConfiguration;
			buildSettings = {
				ALWAYS_SEARCH_USER_PATHS = NO;
				CLANG_ANALYZER_NONNULL = YES;
				CLANG_ANALYZER_NUMBER_OBJECT_CONVERSION = YES_AGGRESSIVE;
				CLANG_CXX_LANGUAGE_STANDARD = "gnu++14";
				CLANG_CXX_LIBRARY = "libc++";
				CLANG_ENABLE_MODULES = YES;
				CLANG_ENABLE_OBJC_ARC = YES;
				CLANG_ENABLE_OBJC_WEAK = YES;
				CLANG_WARN_BLOCK_CAPTURE_AUTORELEASING = YES;
				CLANG_WARN_BOOL_CONVERSION = YES;
				CLANG_WARN_COMMA = YES;
				CLANG_WARN_CONSTANT_CONVERSION = YES;
				CLANG_WARN_DEPRECATED_OBJC_IMPLEMENTATIONS = YES;
				CLANG_WARN_DIRECT_OBJC_ISA_USAGE = YES_ERROR;
				CLANG_WARN_DOCUMENTATION_COMMENTS = YES;
				CLANG_WARN_EMPTY_BODY = YES;
				CLANG_WARN_ENUM_CONVERSION = YES;
				CLANG_WARN_INFINITE_RECURSION = YES;
				CLANG_WARN_INT_CONVERSION = YES;
				CLANG_WARN_NON_LITERAL_NULL_CONVERSION = YES;
				CLANG_WARN_OBJC_IMPLICIT_RETAIN_SELF = YES;
				CLANG_WARN_OBJC_LITERAL_CONVERSION = YES;
				CLANG_WARN_OBJC_ROOT_CLASS = YES_ERROR;
				CLANG_WARN_RANGE_LOOP_ANALYSIS = YES;
				CLANG_WARN_STRICT_PROTOTYPES = YES;
				CLANG_WARN_SUSPICIOUS_MOVE = YES;
				CLANG_WARN_UNGUARDED_AVAILABILITY = YES_AGGRESSIVE;
				CLANG_WARN_UNREACHABLE_CODE = YES;
				CLANG_WARN__DUPLICATE_METHOD_MATCH = YES;
				CODE_SIGN_IDENTITY = "Mac Developer";
				COPY_PHASE_STRIP = NO;
				DEBUG_INFORMATION_FORMAT = "dwarf-with-dsym";
				ENABLE_NS_ASSERTIONS = NO;
				ENABLE_STRICT_OBJC_MSGSEND = YES;
				GCC_C_LANGUAGE_STANDARD = gnu11;
				GCC_NO_COMMON_BLOCKS = YES;
				GCC_WARN_64_TO_32_BIT_CONVERSION = YES;
				GCC_WARN_ABOUT_RETURN_TYPE = YES_ERROR;
				GCC_WARN_UNDECLARED_SELECTOR = YES;
				GCC_WARN_UNINITIALIZED_AUTOS = YES_AGGRESSIVE;
				GCC_WARN_UNUSED_FUNCTION = YES;
				GCC_WARN_UNUSED_VARIABLE = YES;
				MACOSX_DEPLOYMENT_TARGET = 10.13;
				MTL_ENABLE_DEBUG_INFO = NO;
				MTL_FAST_MATH = YES;
				SDKROOT = macosx;
			};
			name = Release;
		};
		5CD4E2F121D8D59800DBFCE3 /* Debug */ = {
			isa = XCBuildConfiguration;
			buildSettings = {
				CODE_SIGN_STYLE = Automatic;
				DEVELOPMENT_TEAM = 9KVM264T66;
				HEADER_SEARCH_PATHS = /usr/local/include/;
				LIBRARY_SEARCH_PATHS = /usr/local/lib/;
				PRODUCT_NAME = "$(TARGET_NAME)";
			};
			name = Debug;
		};
		5CD4E2F221D8D59800DBFCE3 /* Release */ = {
			isa = XCBuildConfiguration;
			buildSettings = {
				CODE_SIGN_STYLE = Automatic;
				DEVELOPMENT_TEAM = 9KVM264T66;
				HEADER_SEARCH_PATHS = /usr/local/include/;
				LIBRARY_SEARCH_PATHS = /usr/local/lib/;
				PRODUCT_NAME = "$(TARGET_NAME)";
			};
			name = Release;
		};
		5CFAFDD421EC2AD0000803C1 /* Debug */ = {
			isa = XCBuildConfiguration;
			buildSettings = {
				CODE_SIGN_STYLE = Automatic;
				DEVELOPMENT_TEAM = 9KVM264T66;
				HEADER_SEARCH_PATHS = /usr/local/include/;
				LIBRARY_SEARCH_PATHS = /usr/local/lib/;
				PRODUCT_NAME = "$(TARGET_NAME)";
			};
			name = Debug;
		};
		5CFAFDD521EC2AD0000803C1 /* Release */ = {
			isa = XCBuildConfiguration;
			buildSettings = {
				CODE_SIGN_STYLE = Automatic;
				DEVELOPMENT_TEAM = 9KVM264T66;
				HEADER_SEARCH_PATHS = /usr/local/include/;
				LIBRARY_SEARCH_PATHS = /usr/local/lib/;
				PRODUCT_NAME = "$(TARGET_NAME)";
			};
			name = Release;
		};
/* End XCBuildConfiguration section */

/* Begin XCConfigurationList section */
		5C45262521F40AEA00966DD0 /* Build configuration list for PBXNativeTarget "Ex.31-33 verifying" */ = {
			isa = XCConfigurationList;
			buildConfigurations = (
				5C45262621F40AEA00966DD0 /* Debug */,
				5C45262721F40AEA00966DD0 /* Release */,
			);
			defaultConfigurationIsVisible = 0;
			defaultConfigurationName = Release;
		};
		5CD4E2E421D8D59800DBFCE3 /* Build configuration list for PBXProject "Assignment2AndBasedExercises" */ = {
			isa = XCConfigurationList;
			buildConfigurations = (
				5CD4E2EE21D8D59800DBFCE3 /* Debug */,
				5CD4E2EF21D8D59800DBFCE3 /* Release */,
			);
			defaultConfigurationIsVisible = 0;
			defaultConfigurationName = Release;
		};
		5CD4E2F021D8D59800DBFCE3 /* Build configuration list for PBXNativeTarget "Ex.15.16.HelloWorld3D" */ = {
			isa = XCConfigurationList;
			buildConfigurations = (
				5CD4E2F121D8D59800DBFCE3 /* Debug */,
				5CD4E2F221D8D59800DBFCE3 /* Release */,
			);
			defaultConfigurationIsVisible = 0;
			defaultConfigurationName = Release;
		};
		5CFAFDD321EC2AD0000803C1 /* Build configuration list for PBXNativeTarget "Ex.17.TeselatedSphere" */ = {
			isa = XCConfigurationList;
			buildConfigurations = (
				5CFAFDD421EC2AD0000803C1 /* Debug */,
				5CFAFDD521EC2AD0000803C1 /* Release */,
			);
			defaultConfigurationIsVisible = 0;
			defaultConfigurationName = Release;
		};
/* End XCConfigurationList section */
	};
	rootObject = 5CD4E2E121D8D59800DBFCE3 /* Project object */;
}
