// !$*UTF8*$!
{
	archiveVersion = 1;
	classes = {
	};
	objectVersion = 50;
	objects = {

/* Begin PBXBuildFile section */
		5C0F676F2295270E00C3EE99 /* scenegraph.cpp in Sources */ = {isa = PBXBuildFile; fileRef = 5CA6586121F0CA790087B7F8 /* scenegraph.cpp */; };
		5C0F67702295270E00C3EE99 /* assignment4-main.cpp in Sources */ = {isa = PBXBuildFile; fileRef = 5CDA259321EF72CB00F2A6D1 /* assignment4-main.cpp */; };
		5C0F67742295276900C3EE99 /* picker.cpp in Sources */ = {isa = PBXBuildFile; fileRef = 5C0F67722295276800C3EE99 /* picker.cpp */; };
		5C0F6775229527E800C3EE99 /* ppm.cpp in Sources */ = {isa = PBXBuildFile; fileRef = 5C800CD121FA874C00DB8452 /* ppm.cpp */; };
		5C0F677A2295285300C3EE99 /* material.cpp in Sources */ = {isa = PBXBuildFile; fileRef = 5C0F67782295285200C3EE99 /* material.cpp */; };
		5C0F677B2295285300C3EE99 /* texture.cpp in Sources */ = {isa = PBXBuildFile; fileRef = 5C0F67792295285300C3EE99 /* texture.cpp */; };
		5C0F677E2295301500C3EE99 /* renderstates.cpp in Sources */ = {isa = PBXBuildFile; fileRef = 5C0F677D2295301500C3EE99 /* renderstates.cpp */; };
		5C0F6781229538D400C3EE99 /* asst6_5-snippets.cpp in Sources */ = {isa = PBXBuildFile; fileRef = 5C0F6780229538D400C3EE99 /* asst6_5-snippets.cpp */; };
		5C6D407B2296475E007D01A8 /* geometry.cpp in Sources */ = {isa = PBXBuildFile; fileRef = 5C6D407A2296475E007D01A8 /* geometry.cpp */; };
		5C800CAC21FA810A00DB8452 /* perfMonitor.cpp in Sources */ = {isa = PBXBuildFile; fileRef = 5C800CAA21FA810A00DB8452 /* perfMonitor.cpp */; };
		5C800CB521FA815100DB8452 /* glsupport.cpp in Sources */ = {isa = PBXBuildFile; fileRef = 5C800CB321FA815100DB8452 /* glsupport.cpp */; };
		5C800CC421FA855100DB8452 /* OpenGL.framework in Frameworks */ = {isa = PBXBuildFile; fileRef = 5C800CC321FA855100DB8452 /* OpenGL.framework */; };
		5C800CC621FA855800DB8452 /* CoreVideo.framework in Frameworks */ = {isa = PBXBuildFile; fileRef = 5C800CC521FA855800DB8452 /* CoreVideo.framework */; };
		5C800CCA21FA85A200DB8452 /* IOKit.framework in Frameworks */ = {isa = PBXBuildFile; fileRef = 5C800CC921FA85A200DB8452 /* IOKit.framework */; };
		5C800CCF21FA85C400DB8452 /* libGLEW.2.1.0.dylib in Frameworks */ = {isa = PBXBuildFile; fileRef = 5C800CCD21FA85C400DB8452 /* libGLEW.2.1.0.dylib */; };
		5C800CD021FA85C400DB8452 /* libglfw3.a in Frameworks */ = {isa = PBXBuildFile; fileRef = 5C800CCE21FA85C400DB8452 /* libglfw3.a */; };
		5C800CD421FA921900DB8452 /* solid-gl3.fshader in CopyFiles */ = {isa = PBXBuildFile; fileRef = 5C800CBD21FA81C200DB8452 /* solid-gl3.fshader */; };
		5C800CD521FA921900DB8452 /* diffuse-gl3.fshader in CopyFiles */ = {isa = PBXBuildFile; fileRef = 5C800CBE21FA81C200DB8452 /* diffuse-gl3.fshader */; };
		5C800CD721FA921900DB8452 /* basic-gl3.vshader in CopyFiles */ = {isa = PBXBuildFile; fileRef = 5C800CC121FA81C200DB8452 /* basic-gl3.vshader */; };
		5C800CD821FA923B00DB8452 /* pick-gl3.fshader in CopyFiles */ = {isa = PBXBuildFile; fileRef = 5C800CBF21FA81C200DB8452 /* pick-gl3.fshader */; };
		5CF9491821FEA0F1004D711B /* Cocoa.framework in Frameworks */ = {isa = PBXBuildFile; fileRef = 5CF9491721FEA0F1004D711B /* Cocoa.framework */; };
/* End PBXBuildFile section */

/* Begin PBXCopyFilesBuildPhase section */
		5CDA258E21EF72CB00F2A6D1 /* CopyFiles */ = {
			isa = PBXCopyFilesBuildPhase;
			buildActionMask = 12;
			dstPath = ./shaders;
			dstSubfolderSpec = 16;
			files = (
				5C800CD821FA923B00DB8452 /* pick-gl3.fshader in CopyFiles */,
				5C800CD421FA921900DB8452 /* solid-gl3.fshader in CopyFiles */,
				5C800CD521FA921900DB8452 /* diffuse-gl3.fshader in CopyFiles */,
				5C800CD721FA921900DB8452 /* basic-gl3.vshader in CopyFiles */,
			);
			runOnlyForDeploymentPostprocessing = 0;
		};
/* End PBXCopyFilesBuildPhase section */

/* Begin PBXFileReference section */
		5C0F67722295276800C3EE99 /* picker.cpp */ = {isa = PBXFileReference; fileEncoding = 4; lastKnownFileType = sourcecode.cpp.cpp; path = picker.cpp; sourceTree = "<group>"; };
		5C0F67732295276900C3EE99 /* picker.h */ = {isa = PBXFileReference; fileEncoding = 4; lastKnownFileType = sourcecode.c.h; path = picker.h; sourceTree = "<group>"; };
		5C0F67762295285200C3EE99 /* uniforms.h */ = {isa = PBXFileReference; fileEncoding = 4; lastKnownFileType = sourcecode.c.h; path = uniforms.h; sourceTree = "<group>"; };
		5C0F67772295285200C3EE99 /* texture.h */ = {isa = PBXFileReference; fileEncoding = 4; lastKnownFileType = sourcecode.c.h; path = texture.h; sourceTree = "<group>"; };
		5C0F67782295285200C3EE99 /* material.cpp */ = {isa = PBXFileReference; fileEncoding = 4; lastKnownFileType = sourcecode.cpp.cpp; path = material.cpp; sourceTree = "<group>"; };
		5C0F67792295285300C3EE99 /* texture.cpp */ = {isa = PBXFileReference; fileEncoding = 4; lastKnownFileType = sourcecode.cpp.cpp; path = texture.cpp; sourceTree = "<group>"; };
		5C0F677C2295301500C3EE99 /* renderstates.h */ = {isa = PBXFileReference; fileEncoding = 4; lastKnownFileType = sourcecode.c.h; path = renderstates.h; sourceTree = "<group>"; };
		5C0F677D2295301500C3EE99 /* renderstates.cpp */ = {isa = PBXFileReference; fileEncoding = 4; lastKnownFileType = sourcecode.cpp.cpp; path = renderstates.cpp; sourceTree = "<group>"; };
		5C0F677F229530CF00C3EE99 /* material.h */ = {isa = PBXFileReference; fileEncoding = 4; lastKnownFileType = sourcecode.c.h; path = material.h; sourceTree = "<group>"; };
		5C0F6780229538D400C3EE99 /* asst6_5-snippets.cpp */ = {isa = PBXFileReference; fileEncoding = 4; lastKnownFileType = sourcecode.cpp.cpp; path = "asst6_5-snippets.cpp"; sourceTree = "<group>"; };
		5C54F28821FDA1F000657C36 /* readme.md */ = {isa = PBXFileReference; lastKnownFileType = net.daringfireball.markdown; name = readme.md; path = ../../../readme.md; sourceTree = "<group>"; };
		5C6D4075229646CC007D01A8 /* normal-gl3.vshader */ = {isa = PBXFileReference; fileEncoding = 4; lastKnownFileType = text; path = "normal-gl3.vshader"; sourceTree = "<group>"; };
		5C6D4076229646CC007D01A8 /* normal-gl2.fshader */ = {isa = PBXFileReference; fileEncoding = 4; lastKnownFileType = text; path = "normal-gl2.fshader"; sourceTree = "<group>"; };
		5C6D4077229646CC007D01A8 /* normal-gl3.fshader */ = {isa = PBXFileReference; fileEncoding = 4; lastKnownFileType = text; path = "normal-gl3.fshader"; sourceTree = "<group>"; };
		5C6D4078229646CC007D01A8 /* normal-gl2.vshader */ = {isa = PBXFileReference; fileEncoding = 4; lastKnownFileType = text; path = "normal-gl2.vshader"; sourceTree = "<group>"; };
		5C6D40792296475E007D01A8 /* geometry.h */ = {isa = PBXFileReference; fileEncoding = 4; lastKnownFileType = sourcecode.c.h; path = geometry.h; sourceTree = "<group>"; };
		5C6D407A2296475E007D01A8 /* geometry.cpp */ = {isa = PBXFileReference; fileEncoding = 4; lastKnownFileType = sourcecode.cpp.cpp; path = geometry.cpp; sourceTree = "<group>"; };
		5C800CAA21FA810A00DB8452 /* perfMonitor.cpp */ = {isa = PBXFileReference; fileEncoding = 4; lastKnownFileType = sourcecode.cpp.cpp; name = perfMonitor.cpp; path = ../../../../../../BaseFramework/perfMonitor/perfMonitor.cpp; sourceTree = "<group>"; };
		5C800CAB21FA810A00DB8452 /* perfMonitor.h */ = {isa = PBXFileReference; fileEncoding = 4; lastKnownFileType = sourcecode.c.h; name = perfMonitor.h; path = ../../../../../../BaseFramework/perfMonitor/perfMonitor.h; sourceTree = "<group>"; };
		5C800CAD21FA812600DB8452 /* quat.h */ = {isa = PBXFileReference; fileEncoding = 4; lastKnownFileType = sourcecode.c.h; name = quat.h; path = ../../../../../../BaseFramework/quat/quat.h; sourceTree = "<group>"; };
		5C800CAE21FA812600DB8452 /* arcball.h */ = {isa = PBXFileReference; fileEncoding = 4; lastKnownFileType = sourcecode.c.h; name = arcball.h; path = ../../../../../../BaseFramework/quat/arcball.h; sourceTree = "<group>"; };
		5C800CAF21FA812600DB8452 /* rigtform.h */ = {isa = PBXFileReference; fileEncoding = 4; lastKnownFileType = sourcecode.c.h; name = rigtform.h; path = ../../../../../../BaseFramework/quat/rigtform.h; sourceTree = "<group>"; };
		5C800CB021FA813300DB8452 /* geometrymaker.h */ = {isa = PBXFileReference; fileEncoding = 4; lastKnownFileType = sourcecode.c.h; name = geometrymaker.h; path = ../../../../../../BaseFramework/geometrymaker.h; sourceTree = "<group>"; };
		5C800CB121FA813300DB8452 /* cvec.h */ = {isa = PBXFileReference; fileEncoding = 4; lastKnownFileType = sourcecode.c.h; name = cvec.h; path = ../../../../../../BaseFramework/cvec.h; sourceTree = "<group>"; };
		5C800CB221FA813300DB8452 /* matrix4.h */ = {isa = PBXFileReference; fileEncoding = 4; lastKnownFileType = sourcecode.c.h; name = matrix4.h; path = ../../../../../../BaseFramework/matrix4.h; sourceTree = "<group>"; };
		5C800CB321FA815100DB8452 /* glsupport.cpp */ = {isa = PBXFileReference; fileEncoding = 4; lastKnownFileType = sourcecode.cpp.cpp; name = glsupport.cpp; path = "../../../../../../FoundationOfCG-MIT/Common/glsupport.cpp"; sourceTree = "<group>"; };
		5C800CB421FA815100DB8452 /* glsupport.h */ = {isa = PBXFileReference; fileEncoding = 4; lastKnownFileType = sourcecode.c.h; name = glsupport.h; path = "../../../../../../FoundationOfCG-MIT/Common/glsupport.h"; sourceTree = "<group>"; };
		5C800CBD21FA81C200DB8452 /* solid-gl3.fshader */ = {isa = PBXFileReference; lastKnownFileType = text; path = "solid-gl3.fshader"; sourceTree = "<group>"; };
		5C800CBE21FA81C200DB8452 /* diffuse-gl3.fshader */ = {isa = PBXFileReference; lastKnownFileType = text; path = "diffuse-gl3.fshader"; sourceTree = "<group>"; };
		5C800CBF21FA81C200DB8452 /* pick-gl3.fshader */ = {isa = PBXFileReference; lastKnownFileType = text; path = "pick-gl3.fshader"; sourceTree = "<group>"; };
		5C800CC121FA81C200DB8452 /* basic-gl3.vshader */ = {isa = PBXFileReference; lastKnownFileType = text; path = "basic-gl3.vshader"; sourceTree = "<group>"; };
		5C800CC321FA855100DB8452 /* OpenGL.framework */ = {isa = PBXFileReference; lastKnownFileType = wrapper.framework; name = OpenGL.framework; path = System/Library/Frameworks/OpenGL.framework; sourceTree = SDKROOT; };
		5C800CC521FA855800DB8452 /* CoreVideo.framework */ = {isa = PBXFileReference; lastKnownFileType = wrapper.framework; name = CoreVideo.framework; path = System/Library/Frameworks/CoreVideo.framework; sourceTree = SDKROOT; };
		5C800CC921FA85A200DB8452 /* IOKit.framework */ = {isa = PBXFileReference; lastKnownFileType = wrapper.framework; name = IOKit.framework; path = System/Library/Frameworks/IOKit.framework; sourceTree = SDKROOT; };
		5C800CCD21FA85C400DB8452 /* libGLEW.2.1.0.dylib */ = {isa = PBXFileReference; lastKnownFileType = "compiled.mach-o.dylib"; name = libGLEW.2.1.0.dylib; path = ../../../../../../../../../usr/local/lib/libGLEW.2.1.0.dylib; sourceTree = "<group>"; };
		5C800CCE21FA85C400DB8452 /* libglfw3.a */ = {isa = PBXFileReference; lastKnownFileType = archive.ar; name = libglfw3.a; path = ../../../../../../../../../usr/local/lib/libglfw3.a; sourceTree = "<group>"; };
		5C800CD121FA874C00DB8452 /* ppm.cpp */ = {isa = PBXFileReference; fileEncoding = 4; lastKnownFileType = sourcecode.cpp.cpp; name = ppm.cpp; path = "../../../../Assignment3/Assignment3-QuaternionAndArcball/Assignment3-QuaternionAndArcball/mit-example/ppm.cpp"; sourceTree = "<group>"; };
		5C800CD221FA874C00DB8452 /* ppm.h */ = {isa = PBXFileReference; fileEncoding = 4; lastKnownFileType = sourcecode.c.h; name = ppm.h; path = "../../../../Assignment3/Assignment3-QuaternionAndArcball/Assignment3-QuaternionAndArcball/mit-example/ppm.h"; sourceTree = "<group>"; };
		5CA6586121F0CA790087B7F8 /* scenegraph.cpp */ = {isa = PBXFileReference; fileEncoding = 4; lastKnownFileType = sourcecode.cpp.cpp; path = scenegraph.cpp; sourceTree = "<group>"; };
		5CA6586221F0CA790087B7F8 /* drawer.h */ = {isa = PBXFileReference; fileEncoding = 4; lastKnownFileType = sourcecode.c.h; path = drawer.h; sourceTree = "<group>"; };
		5CA6586521F0CA790087B7F8 /* asstcommon.h */ = {isa = PBXFileReference; fileEncoding = 4; lastKnownFileType = sourcecode.c.h; path = asstcommon.h; sourceTree = "<group>"; };
		5CA6586821F0CA790087B7F8 /* scenegraph.h */ = {isa = PBXFileReference; fileEncoding = 4; lastKnownFileType = sourcecode.c.h; path = scenegraph.h; sourceTree = "<group>"; };
		5CDA259021EF72CB00F2A6D1 /* Assignment6-MaterialAndBumpMapping */ = {isa = PBXFileReference; explicitFileType = "compiled.mach-o.executable"; includeInIndex = 0; path = "Assignment6-MaterialAndBumpMapping"; sourceTree = BUILT_PRODUCTS_DIR; };
		5CDA259321EF72CB00F2A6D1 /* assignment4-main.cpp */ = {isa = PBXFileReference; lastKnownFileType = sourcecode.cpp.cpp; path = "assignment4-main.cpp"; sourceTree = "<group>"; };
		5CF9491721FEA0F1004D711B /* Cocoa.framework */ = {isa = PBXFileReference; lastKnownFileType = wrapper.framework; name = Cocoa.framework; path = System/Library/Frameworks/Cocoa.framework; sourceTree = SDKROOT; };
/* End PBXFileReference section */

/* Begin PBXFrameworksBuildPhase section */
		5CDA258D21EF72CB00F2A6D1 /* Frameworks */ = {
			isa = PBXFrameworksBuildPhase;
			buildActionMask = 2147483647;
			files = (
				5CF9491821FEA0F1004D711B /* Cocoa.framework in Frameworks */,
				5C800CCA21FA85A200DB8452 /* IOKit.framework in Frameworks */,
				5C800CC621FA855800DB8452 /* CoreVideo.framework in Frameworks */,
				5C800CC421FA855100DB8452 /* OpenGL.framework in Frameworks */,
				5C800CCF21FA85C400DB8452 /* libGLEW.2.1.0.dylib in Frameworks */,
				5C800CD021FA85C400DB8452 /* libglfw3.a in Frameworks */,
			);
			runOnlyForDeploymentPostprocessing = 0;
		};
/* End PBXFrameworksBuildPhase section */

/* Begin PBXGroup section */
		5C800CBC21FA81C200DB8452 /* shaders */ = {
			isa = PBXGroup;
			children = (
				5C6D4076229646CC007D01A8 /* normal-gl2.fshader */,
				5C6D4078229646CC007D01A8 /* normal-gl2.vshader */,
				5C6D4077229646CC007D01A8 /* normal-gl3.fshader */,
				5C6D4075229646CC007D01A8 /* normal-gl3.vshader */,
				5C800CBD21FA81C200DB8452 /* solid-gl3.fshader */,
				5C800CBE21FA81C200DB8452 /* diffuse-gl3.fshader */,
				5C800CBF21FA81C200DB8452 /* pick-gl3.fshader */,
				5C800CC121FA81C200DB8452 /* basic-gl3.vshader */,
			);
			path = shaders;
			sourceTree = "<group>";
		};
		5C800CC221FA855100DB8452 /* Frameworks */ = {
			isa = PBXGroup;
			children = (
				5C800CCD21FA85C400DB8452 /* libGLEW.2.1.0.dylib */,
				5C800CCE21FA85C400DB8452 /* libglfw3.a */,
				5CF9491721FEA0F1004D711B /* Cocoa.framework */,
				5C800CC921FA85A200DB8452 /* IOKit.framework */,
				5C800CC521FA855800DB8452 /* CoreVideo.framework */,
				5C800CC321FA855100DB8452 /* OpenGL.framework */,
			);
			name = Frameworks;
			sourceTree = "<group>";
		};
		5CA6586021F0CA610087B7F8 /* MaterialAndBumpMapping */ = {
			isa = PBXGroup;
			children = (
				5C800CAA21FA810A00DB8452 /* perfMonitor.cpp */,
				5C800CAB21FA810A00DB8452 /* perfMonitor.h */,
				5C800CAE21FA812600DB8452 /* arcball.h */,
				5C800CAD21FA812600DB8452 /* quat.h */,
				5C800CAF21FA812600DB8452 /* rigtform.h */,
				5C800CB121FA813300DB8452 /* cvec.h */,
				5C800CB021FA813300DB8452 /* geometrymaker.h */,
				5C800CB221FA813300DB8452 /* matrix4.h */,
				5C800CB321FA815100DB8452 /* glsupport.cpp */,
				5C800CB421FA815100DB8452 /* glsupport.h */,
				5C800CD121FA874C00DB8452 /* ppm.cpp */,
				5C800CD221FA874C00DB8452 /* ppm.h */,
				5C800CBC21FA81C200DB8452 /* shaders */,
				5CA6586521F0CA790087B7F8 /* asstcommon.h */,
				5CA6586221F0CA790087B7F8 /* drawer.h */,
				5C0F67722295276800C3EE99 /* picker.cpp */,
				5C0F67732295276900C3EE99 /* picker.h */,
				5CA6586121F0CA790087B7F8 /* scenegraph.cpp */,
				5CA6586821F0CA790087B7F8 /* scenegraph.h */,
				5CDA259321EF72CB00F2A6D1 /* assignment4-main.cpp */,
				5C0F67782295285200C3EE99 /* material.cpp */,
				5C0F677F229530CF00C3EE99 /* material.h */,
				5C0F67792295285300C3EE99 /* texture.cpp */,
				5C0F67772295285200C3EE99 /* texture.h */,
				5C0F67762295285200C3EE99 /* uniforms.h */,
				5C0F677D2295301500C3EE99 /* renderstates.cpp */,
				5C0F677C2295301500C3EE99 /* renderstates.h */,
				5C6D407A2296475E007D01A8 /* geometry.cpp */,
				5C6D40792296475E007D01A8 /* geometry.h */,
				5C0F6780229538D400C3EE99 /* asst6_5-snippets.cpp */,
			);
			path = MaterialAndBumpMapping;
			sourceTree = "<group>";
		};
		5CDA258721EF72CB00F2A6D1 = {
			isa = PBXGroup;
			children = (
				5C54F28821FDA1F000657C36 /* readme.md */,
				5CDA259221EF72CB00F2A6D1 /* Assignment6-MaterialAndBumpMapping */,
				5CDA259121EF72CB00F2A6D1 /* Products */,
				5C800CC221FA855100DB8452 /* Frameworks */,
			);
			sourceTree = "<group>";
		};
		5CDA259121EF72CB00F2A6D1 /* Products */ = {
			isa = PBXGroup;
			children = (
				5CDA259021EF72CB00F2A6D1 /* Assignment6-MaterialAndBumpMapping */,
			);
			name = Products;
			sourceTree = "<group>";
		};
		5CDA259221EF72CB00F2A6D1 /* Assignment6-MaterialAndBumpMapping */ = {
			isa = PBXGroup;
			children = (
				5CA6586021F0CA610087B7F8 /* MaterialAndBumpMapping */,
			);
			path = "Assignment6-MaterialAndBumpMapping";
			sourceTree = "<group>";
		};
/* End PBXGroup section */

/* Begin PBXNativeTarget section */
		5CDA258F21EF72CB00F2A6D1 /* Assignment6-MaterialAndBumpMapping */ = {
			isa = PBXNativeTarget;
			buildConfigurationList = 5CDA259721EF72CB00F2A6D1 /* Build configuration list for PBXNativeTarget "Assignment6-MaterialAndBumpMapping" */;
			buildPhases = (
				5CDA258C21EF72CB00F2A6D1 /* Sources */,
				5CDA258D21EF72CB00F2A6D1 /* Frameworks */,
				5CDA258E21EF72CB00F2A6D1 /* CopyFiles */,
			);
			buildRules = (
			);
			dependencies = (
			);
			name = "Assignment6-MaterialAndBumpMapping";
			productName = "Assignment4-RobotsAndPartPicking";
			productReference = 5CDA259021EF72CB00F2A6D1 /* Assignment6-MaterialAndBumpMapping */;
			productType = "com.apple.product-type.tool";
		};
/* End PBXNativeTarget section */

/* Begin PBXProject section */
		5CDA258821EF72CB00F2A6D1 /* Project object */ = {
			isa = PBXProject;
			attributes = {
				LastUpgradeCheck = 1000;
				ORGANIZATIONNAME = zxtech;
				TargetAttributes = {
					5CDA258F21EF72CB00F2A6D1 = {
						CreatedOnToolsVersion = 10.0;
					};
				};
			};
			buildConfigurationList = 5CDA258B21EF72CB00F2A6D1 /* Build configuration list for PBXProject "Assignment6-MaterialAndBumpMapping" */;
			compatibilityVersion = "Xcode 9.3";
			developmentRegion = en;
			hasScannedForEncodings = 0;
			knownRegions = (
				en,
			);
			mainGroup = 5CDA258721EF72CB00F2A6D1;
			productRefGroup = 5CDA259121EF72CB00F2A6D1 /* Products */;
			projectDirPath = "";
			projectRoot = "";
			targets = (
				5CDA258F21EF72CB00F2A6D1 /* Assignment6-MaterialAndBumpMapping */,
			);
		};
/* End PBXProject section */

/* Begin PBXSourcesBuildPhase section */
		5CDA258C21EF72CB00F2A6D1 /* Sources */ = {
			isa = PBXSourcesBuildPhase;
			buildActionMask = 2147483647;
			files = (
				5C0F6775229527E800C3EE99 /* ppm.cpp in Sources */,
				5C0F677E2295301500C3EE99 /* renderstates.cpp in Sources */,
				5C0F67742295276900C3EE99 /* picker.cpp in Sources */,
				5C0F6781229538D400C3EE99 /* asst6_5-snippets.cpp in Sources */,
				5C6D407B2296475E007D01A8 /* geometry.cpp in Sources */,
				5C0F677A2295285300C3EE99 /* material.cpp in Sources */,
				5C0F676F2295270E00C3EE99 /* scenegraph.cpp in Sources */,
				5C0F67702295270E00C3EE99 /* assignment4-main.cpp in Sources */,
				5C0F677B2295285300C3EE99 /* texture.cpp in Sources */,
				5C800CAC21FA810A00DB8452 /* perfMonitor.cpp in Sources */,
				5C800CB521FA815100DB8452 /* glsupport.cpp in Sources */,
			);
			runOnlyForDeploymentPostprocessing = 0;
		};
/* End PBXSourcesBuildPhase section */

/* Begin XCBuildConfiguration section */
		5CDA259521EF72CB00F2A6D1 /* Debug */ = {
			isa = XCBuildConfiguration;
			buildSettings = {
				ALWAYS_SEARCH_USER_PATHS = NO;
				CLANG_ANALYZER_NONNULL = YES;
				CLANG_ANALYZER_NUMBER_OBJECT_CONVERSION = YES_AGGRESSIVE;
				CLANG_CXX_LANGUAGE_STANDARD = "gnu++14";
				CLANG_CXX_LIBRARY = "libc++";
				CLANG_ENABLE_MODULES = YES;
				CLANG_ENABLE_OBJC_ARC = YES;
				CLANG_ENABLE_OBJC_WEAK = YES;
				CLANG_WARN_BLOCK_CAPTURE_AUTORELEASING = YES;
				CLANG_WARN_BOOL_CONVERSION = YES;
				CLANG_WARN_COMMA = YES;
				CLANG_WARN_CONSTANT_CONVERSION = YES;
				CLANG_WARN_DEPRECATED_OBJC_IMPLEMENTATIONS = YES;
				CLANG_WARN_DIRECT_OBJC_ISA_USAGE = YES_ERROR;
				CLANG_WARN_DOCUMENTATION_COMMENTS = YES;
				CLANG_WARN_EMPTY_BODY = YES;
				CLANG_WARN_ENUM_CONVERSION = YES;
				CLANG_WARN_INFINITE_RECURSION = YES;
				CLANG_WARN_INT_CONVERSION = YES;
				CLANG_WARN_NON_LITERAL_NULL_CONVERSION = YES;
				CLANG_WARN_OBJC_IMPLICIT_RETAIN_SELF = YES;
				CLANG_WARN_OBJC_LITERAL_CONVERSION = YES;
				CLANG_WARN_OBJC_ROOT_CLASS = YES_ERROR;
				CLANG_WARN_RANGE_LOOP_ANALYSIS = YES;
				CLANG_WARN_STRICT_PROTOTYPES = YES;
				CLANG_WARN_SUSPICIOUS_MOVE = YES;
				CLANG_WARN_UNGUARDED_AVAILABILITY = YES_AGGRESSIVE;
				CLANG_WARN_UNREACHABLE_CODE = YES;
				CLANG_WARN__DUPLICATE_METHOD_MATCH = YES;
				CODE_SIGN_IDENTITY = "Mac Developer";
				COPY_PHASE_STRIP = NO;
				DEBUG_INFORMATION_FORMAT = dwarf;
				ENABLE_STRICT_OBJC_MSGSEND = YES;
				ENABLE_TESTABILITY = YES;
				GCC_C_LANGUAGE_STANDARD = gnu11;
				GCC_DYNAMIC_NO_PIC = NO;
				GCC_NO_COMMON_BLOCKS = YES;
				GCC_OPTIMIZATION_LEVEL = 0;
				GCC_PREPROCESSOR_DEFINITIONS = (
					"DEBUG=1",
					"$(inherited)",
				);
				GCC_WARN_64_TO_32_BIT_CONVERSION = YES;
				GCC_WARN_ABOUT_RETURN_TYPE = YES_ERROR;
				GCC_WARN_UNDECLARED_SELECTOR = YES;
				GCC_WARN_UNINITIALIZED_AUTOS = YES_AGGRESSIVE;
				GCC_WARN_UNUSED_FUNCTION = YES;
				GCC_WARN_UNUSED_VARIABLE = YES;
				MACOSX_DEPLOYMENT_TARGET = 10.13;
				MTL_ENABLE_DEBUG_INFO = INCLUDE_SOURCE;
				MTL_FAST_MATH = YES;
				ONLY_ACTIVE_ARCH = YES;
				SDKROOT = macosx;
			};
			name = Debug;
		};
		5CDA259621EF72CB00F2A6D1 /* Release */ = {
			isa = XCBuildConfiguration;
			buildSettings = {
				ALWAYS_SEARCH_USER_PATHS = NO;
				CLANG_ANALYZER_NONNULL = YES;
				CLANG_ANALYZER_NUMBER_OBJECT_CONVERSION = YES_AGGRESSIVE;
				CLANG_CXX_LANGUAGE_STANDARD = "gnu++14";
				CLANG_CXX_LIBRARY = "libc++";
				CLANG_ENABLE_MODULES = YES;
				CLANG_ENABLE_OBJC_ARC = YES;
				CLANG_ENABLE_OBJC_WEAK = YES;
				CLANG_WARN_BLOCK_CAPTURE_AUTORELEASING = YES;
				CLANG_WARN_BOOL_CONVERSION = YES;
				CLANG_WARN_COMMA = YES;
				CLANG_WARN_CONSTANT_CONVERSION = YES;
				CLANG_WARN_DEPRECATED_OBJC_IMPLEMENTATIONS = YES;
				CLANG_WARN_DIRECT_OBJC_ISA_USAGE = YES_ERROR;
				CLANG_WARN_DOCUMENTATION_COMMENTS = YES;
				CLANG_WARN_EMPTY_BODY = YES;
				CLANG_WARN_ENUM_CONVERSION = YES;
				CLANG_WARN_INFINITE_RECURSION = YES;
				CLANG_WARN_INT_CONVERSION = YES;
				CLANG_WARN_NON_LITERAL_NULL_CONVERSION = YES;
				CLANG_WARN_OBJC_IMPLICIT_RETAIN_SELF = YES;
				CLANG_WARN_OBJC_LITERAL_CONVERSION = YES;
				CLANG_WARN_OBJC_ROOT_CLASS = YES_ERROR;
				CLANG_WARN_RANGE_LOOP_ANALYSIS = YES;
				CLANG_WARN_STRICT_PROTOTYPES = YES;
				CLANG_WARN_SUSPICIOUS_MOVE = YES;
				CLANG_WARN_UNGUARDED_AVAILABILITY = YES_AGGRESSIVE;
				CLANG_WARN_UNREACHABLE_CODE = YES;
				CLANG_WARN__DUPLICATE_METHOD_MATCH = YES;
				CODE_SIGN_IDENTITY = "Mac Developer";
				COPY_PHASE_STRIP = NO;
				DEBUG_INFORMATION_FORMAT = "dwarf-with-dsym";
				ENABLE_NS_ASSERTIONS = NO;
				ENABLE_STRICT_OBJC_MSGSEND = YES;
				GCC_C_LANGUAGE_STANDARD = gnu11;
				GCC_NO_COMMON_BLOCKS = YES;
				GCC_WARN_64_TO_32_BIT_CONVERSION = YES;
				GCC_WARN_ABOUT_RETURN_TYPE = YES_ERROR;
				GCC_WARN_UNDECLARED_SELECTOR = YES;
				GCC_WARN_UNINITIALIZED_AUTOS = YES_AGGRESSIVE;
				GCC_WARN_UNUSED_FUNCTION = YES;
				GCC_WARN_UNUSED_VARIABLE = YES;
				MACOSX_DEPLOYMENT_TARGET = 10.13;
				MTL_ENABLE_DEBUG_INFO = NO;
				MTL_FAST_MATH = YES;
				SDKROOT = macosx;
			};
			name = Release;
		};
		5CDA259821EF72CB00F2A6D1 /* Debug */ = {
			isa = XCBuildConfiguration;
			buildSettings = {
				CLANG_WARN_DOCUMENTATION_COMMENTS = NO;
				CODE_SIGN_STYLE = Automatic;
				DEVELOPMENT_TEAM = 9KVM264T66;
				HEADER_SEARCH_PATHS = /usr/local/include;
				LIBRARY_SEARCH_PATHS = /usr/local/lib;
				PRODUCT_NAME = "$(TARGET_NAME)";
				WARNING_CFLAGS = "";
			};
			name = Debug;
		};
		5CDA259921EF72CB00F2A6D1 /* Release */ = {
			isa = XCBuildConfiguration;
			buildSettings = {
				CLANG_WARN_DOCUMENTATION_COMMENTS = NO;
				CODE_SIGN_STYLE = Automatic;
				DEVELOPMENT_TEAM = 9KVM264T66;
				HEADER_SEARCH_PATHS = /usr/local/include;
				LIBRARY_SEARCH_PATHS = /usr/local/lib;
				PRODUCT_NAME = "$(TARGET_NAME)";
				WARNING_CFLAGS = "";
			};
			name = Release;
		};
/* End XCBuildConfiguration section */

/* Begin XCConfigurationList section */
		5CDA258B21EF72CB00F2A6D1 /* Build configuration list for PBXProject "Assignment6-MaterialAndBumpMapping" */ = {
			isa = XCConfigurationList;
			buildConfigurations = (
				5CDA259521EF72CB00F2A6D1 /* Debug */,
				5CDA259621EF72CB00F2A6D1 /* Release */,
			);
			defaultConfigurationIsVisible = 0;
			defaultConfigurationName = Release;
		};
		5CDA259721EF72CB00F2A6D1 /* Build configuration list for PBXNativeTarget "Assignment6-MaterialAndBumpMapping" */ = {
			isa = XCConfigurationList;
			buildConfigurations = (
				5CDA259821EF72CB00F2A6D1 /* Debug */,
				5CDA259921EF72CB00F2A6D1 /* Release */,
			);
			defaultConfigurationIsVisible = 0;
			defaultConfigurationName = Release;
		};
/* End XCConfigurationList section */
	};
	rootObject = 5CDA258821EF72CB00F2A6D1 /* Project object */;
}
